<?xml version="1.0" encoding="utf-8"?>
<Project ToolsVersion="4.0" xmlns="http://schemas.microsoft.com/developer/msbuild/2003">
  <ItemGroup>
    <Filter Include="Source Files">
      <UniqueIdentifier>{4FC737F1-C7A5-4376-A066-2A32D752A2FF}</UniqueIdentifier>
      <Extensions>cpp;c;cc;cxx;c++;cppm;ixx;def;odl;idl;hpj;bat;asm;asmx</Extensions>
    </Filter>
    <Filter Include="Header Files">
      <UniqueIdentifier>{93995380-89BD-4b04-88EB-625FBE52EBFB}</UniqueIdentifier>
      <Extensions>h;hh;hpp;hxx;h++;hm;inl;inc;ipp;xsd</Extensions>
    </Filter>
    <Filter Include="Resource Files">
      <UniqueIdentifier>{67DA6AB6-F800-4c08-8B7A-83BB121AAD01}</UniqueIdentifier>
      <Extensions>rc;ico;cur;bmp;dlg;rc2;rct;bin;rgs;gif;jpg;jpeg;jpe;resx;tiff;tif;png;wav;mfcribbon-ms</Extensions>
    </Filter>
  </ItemGroup>
  <ItemGroup>
    <ClCompile Include="new_visualizer.cpp">
      <Filter>Source Files</Filter>
    </ClCompile>
  </ItemGroup>
  <ItemGroup>
    <ClInclude Include="binaryTree.h">
      <Filter>Header Files</Filter>
    </ClInclude>
    <ClInclude Include="binaryTreeVisualizer.h">
      <Filter>Header Files</Filter>
    </ClInclude>
    <ClInclude Include="binaryNode.h">
      <Filter>Header Files</Filter>
    </ClInclude>
    <ClInclude Include="ternaryTree.h">
      <Filter>Header Files</Filter>
    </ClInclude>
    <ClInclude Include="ternaryNode.h">
      <Filter>Header Files</Filter>
    </ClInclude>
    <ClInclude Include="ternaryTreeVisualizer.h">
      <Filter>Header Files</Filter>
    </ClInclude>
    <ClInclude Include="binarySearchTree.h">
      <Filter>Header Files</Filter>
    </ClInclude>
    <ClInclude Include="ternarySearchTree.h">
      <Filter>Header Files</Filter>
    </ClInclude>
    <ClInclude Include="avl.h">
      <Filter>Header Files</Filter>
    </ClInclude>
    <ClInclude Include="avlNode.h">
      <Filter>Header Files</Filter>
    </ClInclude>
    <ClInclude Include="avlTreeVisualizer.h">
      <Filter>Header Files</Filter>
    </ClInclude>
    <ClInclude Include="redYellowNode.h">
      <Filter>Header Files</Filter>
    </ClInclude>
    <ClInclude Include="redYellowTree.h">
      <Filter>Header Files</Filter>
    </ClInclude>
    <ClInclude Include="redYellowVisualizer.h">
      <Filter>Header Files</Filter>
    </ClInclude>
  </ItemGroup>
</Project>